
Microsoft Visual Studio Solution File, Format Version 12.00
# Visual Studio Version 17
VisualStudioVersion = 17.9.34902.65
MinimumVisualStudioVersion = 10.0.40219.1
Project("{FAE04EC0-301F-11D3-BF4B-00C04F79EFBC}") = "fullRealProject", "fullRealProject.csproj", "{3641E662-B3F2-486E-8ECA-85A7C573E37B}"
EndProject
Project("{FAE04EC0-301F-11D3-BF4B-00C04F79EFBC}") = "pesronBusiness", "..\myProjectForContact\businessLayer0\pesronBusiness.csproj", "{5E9E56DD-6156-44F4-BEB7-AFFBC476A228}"
EndProject
Project("{FAE04EC0-301F-11D3-BF4B-00C04F79EFBC}") = "personData", "..\myProjectForContact\dataLayer0\personData.csproj", "{F2C75953-FE4C-4D7A-88B4-2D8EE3F5D855}"
EndProject
Project("{FAE04EC0-301F-11D3-BF4B-00C04F79EFBC}") = "userData", "..\userData\userData.csproj", "{A5F59DF3-0E36-4C62-8D46-F0CC11E3585C}"
EndProject
Project("{FAE04EC0-301F-11D3-BF4B-00C04F79EFBC}") = "userBusiness", "..\userBusiness\userBusiness.csproj", "{E873F1D9-520D-4704-93FC-1746FC9EC69A}"
EndProject
Project("{FAE04EC0-301F-11D3-BF4B-00C04F79EFBC}") = "dataBase", "..\dataBase\dataBase.csproj", "{3295606A-E228-4CAD-A61F-522E690729C8}"
EndProject
Project("{FAE04EC0-301F-11D3-BF4B-00C04F79EFBC}") = "manageApplicationTypesData", "..\manageApplicationTypesData\manageApplicationTypesData.csproj", "{D39798D6-0186-40FD-8FFB-1B3AEC13B8B1}"
EndProject
Project("{FAE04EC0-301F-11D3-BF4B-00C04F79EFBC}") = "manageApplicationTypesBusiness", "..\manageApplicationTypesBusiness\manageApplicationTypesBusiness.csproj", "{27EDBC25-3DF9-45F9-8A61-276932F18588}"
EndProject
Project("{FAE04EC0-301F-11D3-BF4B-00C04F79EFBC}") = "testTypesBusiness", "..\testTypesBusiness\testTypesBusiness.csproj", "{80C3A570-BA38-48DC-B1C8-6F36AED39B01}"
EndProject
Project("{FAE04EC0-301F-11D3-BF4B-00C04F79EFBC}") = "testTypesData", "..\testTypesData\testTypesData.csproj", "{D667D4D8-7A6F-474B-97E9-3D1287C9B02F}"
EndProject
Project("{FAE04EC0-301F-11D3-BF4B-00C04F79EFBC}") = "appData", "..\appData\appData.csproj", "{46F9DC05-1761-4A01-8810-CA8272BCC664}"
EndProject
Project("{FAE04EC0-301F-11D3-BF4B-00C04F79EFBC}") = "appBusiness", "..\appBusiness\appBusiness.csproj", "{BC3B6FD2-03C8-4935-879F-EA6A7589C7D5}"
EndProject
Project("{FAE04EC0-301F-11D3-BF4B-00C04F79EFBC}") = "personTestsBusiness", "..\personTestBusiness\personTestsBusiness.csproj", "{0E428994-C219-4337-8D67-32A93C8D5534}"
EndProject
Project("{FAE04EC0-301F-11D3-BF4B-00C04F79EFBC}") = "personTestsData", "..\personTestsData\personTestsData.csproj", "{4A7F5AA4-5E1E-4B81-99EF-16811E3AF40E}"
EndProject
Project("{FAE04EC0-301F-11D3-BF4B-00C04F79EFBC}") = "licenseData", "..\licenseData\licenseData.csproj", "{0EE0AB03-9BD6-40E2-B4B5-8F86E216B847}"
EndProject
Project("{FAE04EC0-301F-11D3-BF4B-00C04F79EFBC}") = "driverBusiness", "..\driverBusiness\driverBusiness.csproj", "{D97EBD37-DEB9-41FA-BF0E-9D266979BD7E}"
EndProject
Project("{FAE04EC0-301F-11D3-BF4B-00C04F79EFBC}") = "driverData", "..\driverDate\driverData.csproj", "{D3C9CD08-76F7-424F-AFA1-B5F0ED29EC42}"
EndProject
Project("{FAE04EC0-301F-11D3-BF4B-00C04F79EFBC}") = "licenseBusiness", "..\licenseBusiness\licenseBusiness.csproj", "{B1CEB0E6-1D88-4961-888D-7E0C6C4422CF}"
EndProject
Project("{2150E333-8FDC-42A3-9474-1A3956D46DE8}") = "applicaion", "applicaion", "{0538779B-3BB3-447A-ACC1-1DB195881E57}"
EndProject
Project("{2150E333-8FDC-42A3-9474-1A3956D46DE8}") = "driver", "driver", "{F6622DDB-C684-40BA-9F3F-F0D380C4F0DE}"
EndProject
Project("{2150E333-8FDC-42A3-9474-1A3956D46DE8}") = "person", "person", "{066FF2E3-F18C-4064-A984-83533AE05EA3}"
EndProject
Project("{2150E333-8FDC-42A3-9474-1A3956D46DE8}") = "user", "user", "{BB8FECCE-9E7C-487D-A101-C7AB3F11B858}"
EndProject
Project("{2150E333-8FDC-42A3-9474-1A3956D46DE8}") = "license", "license", "{911189E1-16C1-4E60-BD9E-4182246C4B23}"
EndProject
Project("{2150E333-8FDC-42A3-9474-1A3956D46DE8}") = "applicationTypes", "applicationTypes", "{2F923A78-2EF0-4A51-A1E3-B8BBD075384E}"
EndProject
Project("{2150E333-8FDC-42A3-9474-1A3956D46DE8}") = "pesronTest", "pesronTest", "{AE9DC4EA-3177-400F-A654-18BF831410C5}"
EndProject
Project("{2150E333-8FDC-42A3-9474-1A3956D46DE8}") = "testType", "testType", "{BF64320D-3A68-47BF-89D0-592F9865AD97}"
EndProject
Project("{2150E333-8FDC-42A3-9474-1A3956D46DE8}") = "dataBaseConnection", "dataBaseConnection", "{04C90E44-4EA2-4E8B-AB71-9F0AF3039E57}"
EndProject
Project("{2150E333-8FDC-42A3-9474-1A3956D46DE8}") = "business&data layers of project", "business&data layers of project", "{78D2FB1F-1ACE-4DAE-A3D1-CA4967B4B61A}"
EndProject
Project("{2150E333-8FDC-42A3-9474-1A3956D46DE8}") = "dataBaseBackup", "dataBaseBackup", "{1A657ABC-263F-45FD-8234-732534E6FC3E}"
	ProjectSection(SolutionItems) = preProject
		backupOfDatabase.txt = backupOfDatabase.txt
	EndProjectSection
EndProject
Global
	GlobalSection(SolutionConfigurationPlatforms) = preSolution
		Debug|Any CPU = Debug|Any CPU
		Release|Any CPU = Release|Any CPU
	EndGlobalSection
	GlobalSection(ProjectConfigurationPlatforms) = postSolution
		{3641E662-B3F2-486E-8ECA-85A7C573E37B}.Debug|Any CPU.ActiveCfg = Debug|Any CPU
		{3641E662-B3F2-486E-8ECA-85A7C573E37B}.Debug|Any CPU.Build.0 = Debug|Any CPU
		{3641E662-B3F2-486E-8ECA-85A7C573E37B}.Release|Any CPU.ActiveCfg = Release|Any CPU
		{3641E662-B3F2-486E-8ECA-85A7C573E37B}.Release|Any CPU.Build.0 = Release|Any CPU
		{5E9E56DD-6156-44F4-BEB7-AFFBC476A228}.Debug|Any CPU.ActiveCfg = Debug|Any CPU
		{5E9E56DD-6156-44F4-BEB7-AFFBC476A228}.Debug|Any CPU.Build.0 = Debug|Any CPU
		{5E9E56DD-6156-44F4-BEB7-AFFBC476A228}.Release|Any CPU.ActiveCfg = Release|Any CPU
		{5E9E56DD-6156-44F4-BEB7-AFFBC476A228}.Release|Any CPU.Build.0 = Release|Any CPU
		{F2C75953-FE4C-4D7A-88B4-2D8EE3F5D855}.Debug|Any CPU.ActiveCfg = Debug|Any CPU
		{F2C75953-FE4C-4D7A-88B4-2D8EE3F5D855}.Debug|Any CPU.Build.0 = Debug|Any CPU
		{F2C75953-FE4C-4D7A-88B4-2D8EE3F5D855}.Release|Any CPU.ActiveCfg = Release|Any CPU
		{F2C75953-FE4C-4D7A-88B4-2D8EE3F5D855}.Release|Any CPU.Build.0 = Release|Any CPU
		{A5F59DF3-0E36-4C62-8D46-F0CC11E3585C}.Debug|Any CPU.ActiveCfg = Debug|Any CPU
		{A5F59DF3-0E36-4C62-8D46-F0CC11E3585C}.Debug|Any CPU.Build.0 = Debug|Any CPU
		{A5F59DF3-0E36-4C62-8D46-F0CC11E3585C}.Release|Any CPU.ActiveCfg = Release|Any CPU
		{A5F59DF3-0E36-4C62-8D46-F0CC11E3585C}.Release|Any CPU.Build.0 = Release|Any CPU
		{E873F1D9-520D-4704-93FC-1746FC9EC69A}.Debug|Any CPU.ActiveCfg = Debug|Any CPU
		{E873F1D9-520D-4704-93FC-1746FC9EC69A}.Debug|Any CPU.Build.0 = Debug|Any CPU
		{E873F1D9-520D-4704-93FC-1746FC9EC69A}.Release|Any CPU.ActiveCfg = Release|Any CPU
		{E873F1D9-520D-4704-93FC-1746FC9EC69A}.Release|Any CPU.Build.0 = Release|Any CPU
		{3295606A-E228-4CAD-A61F-522E690729C8}.Debug|Any CPU.ActiveCfg = Debug|Any CPU
		{3295606A-E228-4CAD-A61F-522E690729C8}.Debug|Any CPU.Build.0 = Debug|Any CPU
		{3295606A-E228-4CAD-A61F-522E690729C8}.Release|Any CPU.ActiveCfg = Release|Any CPU
		{3295606A-E228-4CAD-A61F-522E690729C8}.Release|Any CPU.Build.0 = Release|Any CPU
		{D39798D6-0186-40FD-8FFB-1B3AEC13B8B1}.Debug|Any CPU.ActiveCfg = Debug|Any CPU
		{D39798D6-0186-40FD-8FFB-1B3AEC13B8B1}.Debug|Any CPU.Build.0 = Debug|Any CPU
		{D39798D6-0186-40FD-8FFB-1B3AEC13B8B1}.Release|Any CPU.ActiveCfg = Release|Any CPU
		{D39798D6-0186-40FD-8FFB-1B3AEC13B8B1}.Release|Any CPU.Build.0 = Release|Any CPU
		{27EDBC25-3DF9-45F9-8A61-276932F18588}.Debug|Any CPU.ActiveCfg = Debug|Any CPU
		{27EDBC25-3DF9-45F9-8A61-276932F18588}.Debug|Any CPU.Build.0 = Debug|Any CPU
		{27EDBC25-3DF9-45F9-8A61-276932F18588}.Release|Any CPU.ActiveCfg = Release|Any CPU
		{27EDBC25-3DF9-45F9-8A61-276932F18588}.Release|Any CPU.Build.0 = Release|Any CPU
		{80C3A570-BA38-48DC-B1C8-6F36AED39B01}.Debug|Any CPU.ActiveCfg = Debug|Any CPU
		{80C3A570-BA38-48DC-B1C8-6F36AED39B01}.Debug|Any CPU.Build.0 = Debug|Any CPU
		{80C3A570-BA38-48DC-B1C8-6F36AED39B01}.Release|Any CPU.ActiveCfg = Release|Any CPU
		{80C3A570-BA38-48DC-B1C8-6F36AED39B01}.Release|Any CPU.Build.0 = Release|Any CPU
		{D667D4D8-7A6F-474B-97E9-3D1287C9B02F}.Debug|Any CPU.ActiveCfg = Debug|Any CPU
		{D667D4D8-7A6F-474B-97E9-3D1287C9B02F}.Debug|Any CPU.Build.0 = Debug|Any CPU
		{D667D4D8-7A6F-474B-97E9-3D1287C9B02F}.Release|Any CPU.ActiveCfg = Release|Any CPU
		{D667D4D8-7A6F-474B-97E9-3D1287C9B02F}.Release|Any CPU.Build.0 = Release|Any CPU
		{46F9DC05-1761-4A01-8810-CA8272BCC664}.Debug|Any CPU.ActiveCfg = Debug|Any CPU
		{46F9DC05-1761-4A01-8810-CA8272BCC664}.Debug|Any CPU.Build.0 = Debug|Any CPU
		{46F9DC05-1761-4A01-8810-CA8272BCC664}.Release|Any CPU.ActiveCfg = Release|Any CPU
		{46F9DC05-1761-4A01-8810-CA8272BCC664}.Release|Any CPU.Build.0 = Release|Any CPU
		{BC3B6FD2-03C8-4935-879F-EA6A7589C7D5}.Debug|Any CPU.ActiveCfg = Debug|Any CPU
		{BC3B6FD2-03C8-4935-879F-EA6A7589C7D5}.Debug|Any CPU.Build.0 = Debug|Any CPU
		{BC3B6FD2-03C8-4935-879F-EA6A7589C7D5}.Release|Any CPU.ActiveCfg = Release|Any CPU
		{BC3B6FD2-03C8-4935-879F-EA6A7589C7D5}.Release|Any CPU.Build.0 = Release|Any CPU
		{0E428994-C219-4337-8D67-32A93C8D5534}.Debug|Any CPU.ActiveCfg = Debug|Any CPU
		{0E428994-C219-4337-8D67-32A93C8D5534}.Debug|Any CPU.Build.0 = Debug|Any CPU
		{0E428994-C219-4337-8D67-32A93C8D5534}.Release|Any CPU.ActiveCfg = Release|Any CPU
		{0E428994-C219-4337-8D67-32A93C8D5534}.Release|Any CPU.Build.0 = Release|Any CPU
		{4A7F5AA4-5E1E-4B81-99EF-16811E3AF40E}.Debug|Any CPU.ActiveCfg = Debug|Any CPU
		{4A7F5AA4-5E1E-4B81-99EF-16811E3AF40E}.Debug|Any CPU.Build.0 = Debug|Any CPU
		{4A7F5AA4-5E1E-4B81-99EF-16811E3AF40E}.Release|Any CPU.ActiveCfg = Release|Any CPU
		{4A7F5AA4-5E1E-4B81-99EF-16811E3AF40E}.Release|Any CPU.Build.0 = Release|Any CPU
		{0EE0AB03-9BD6-40E2-B4B5-8F86E216B847}.Debug|Any CPU.ActiveCfg = Debug|Any CPU
		{0EE0AB03-9BD6-40E2-B4B5-8F86E216B847}.Debug|Any CPU.Build.0 = Debug|Any CPU
		{0EE0AB03-9BD6-40E2-B4B5-8F86E216B847}.Release|Any CPU.ActiveCfg = Release|Any CPU
		{0EE0AB03-9BD6-40E2-B4B5-8F86E216B847}.Release|Any CPU.Build.0 = Release|Any CPU
		{D97EBD37-DEB9-41FA-BF0E-9D266979BD7E}.Debug|Any CPU.ActiveCfg = Debug|Any CPU
		{D97EBD37-DEB9-41FA-BF0E-9D266979BD7E}.Debug|Any CPU.Build.0 = Debug|Any CPU
		{D97EBD37-DEB9-41FA-BF0E-9D266979BD7E}.Release|Any CPU.ActiveCfg = Release|Any CPU
		{D97EBD37-DEB9-41FA-BF0E-9D266979BD7E}.Release|Any CPU.Build.0 = Release|Any CPU
		{D3C9CD08-76F7-424F-AFA1-B5F0ED29EC42}.Debug|Any CPU.ActiveCfg = Debug|Any CPU
		{D3C9CD08-76F7-424F-AFA1-B5F0ED29EC42}.Debug|Any CPU.Build.0 = Debug|Any CPU
		{D3C9CD08-76F7-424F-AFA1-B5F0ED29EC42}.Release|Any CPU.ActiveCfg = Release|Any CPU
		{D3C9CD08-76F7-424F-AFA1-B5F0ED29EC42}.Release|Any CPU.Build.0 = Release|Any CPU
		{B1CEB0E6-1D88-4961-888D-7E0C6C4422CF}.Debug|Any CPU.ActiveCfg = Debug|Any CPU
		{B1CEB0E6-1D88-4961-888D-7E0C6C4422CF}.Debug|Any CPU.Build.0 = Debug|Any CPU
		{B1CEB0E6-1D88-4961-888D-7E0C6C4422CF}.Release|Any CPU.ActiveCfg = Release|Any CPU
		{B1CEB0E6-1D88-4961-888D-7E0C6C4422CF}.Release|Any CPU.Build.0 = Release|Any CPU
	EndGlobalSection
	GlobalSection(SolutionProperties) = preSolution
		HideSolutionNode = FALSE
	EndGlobalSection
	GlobalSection(NestedProjects) = preSolution
		{5E9E56DD-6156-44F4-BEB7-AFFBC476A228} = {066FF2E3-F18C-4064-A984-83533AE05EA3}
		{F2C75953-FE4C-4D7A-88B4-2D8EE3F5D855} = {066FF2E3-F18C-4064-A984-83533AE05EA3}
		{A5F59DF3-0E36-4C62-8D46-F0CC11E3585C} = {BB8FECCE-9E7C-487D-A101-C7AB3F11B858}
		{E873F1D9-520D-4704-93FC-1746FC9EC69A} = {BB8FECCE-9E7C-487D-A101-C7AB3F11B858}
		{3295606A-E228-4CAD-A61F-522E690729C8} = {04C90E44-4EA2-4E8B-AB71-9F0AF3039E57}
		{D39798D6-0186-40FD-8FFB-1B3AEC13B8B1} = {2F923A78-2EF0-4A51-A1E3-B8BBD075384E}
		{27EDBC25-3DF9-45F9-8A61-276932F18588} = {2F923A78-2EF0-4A51-A1E3-B8BBD075384E}
		{80C3A570-BA38-48DC-B1C8-6F36AED39B01} = {BF64320D-3A68-47BF-89D0-592F9865AD97}
		{D667D4D8-7A6F-474B-97E9-3D1287C9B02F} = {BF64320D-3A68-47BF-89D0-592F9865AD97}
		{46F9DC05-1761-4A01-8810-CA8272BCC664} = {0538779B-3BB3-447A-ACC1-1DB195881E57}
		{BC3B6FD2-03C8-4935-879F-EA6A7589C7D5} = {0538779B-3BB3-447A-ACC1-1DB195881E57}
		{0E428994-C219-4337-8D67-32A93C8D5534} = {AE9DC4EA-3177-400F-A654-18BF831410C5}
		{4A7F5AA4-5E1E-4B81-99EF-16811E3AF40E} = {AE9DC4EA-3177-400F-A654-18BF831410C5}
		{0EE0AB03-9BD6-40E2-B4B5-8F86E216B847} = {911189E1-16C1-4E60-BD9E-4182246C4B23}
		{D97EBD37-DEB9-41FA-BF0E-9D266979BD7E} = {F6622DDB-C684-40BA-9F3F-F0D380C4F0DE}
		{D3C9CD08-76F7-424F-AFA1-B5F0ED29EC42} = {F6622DDB-C684-40BA-9F3F-F0D380C4F0DE}
		{B1CEB0E6-1D88-4961-888D-7E0C6C4422CF} = {911189E1-16C1-4E60-BD9E-4182246C4B23}
		{0538779B-3BB3-447A-ACC1-1DB195881E57} = {78D2FB1F-1ACE-4DAE-A3D1-CA4967B4B61A}
		{F6622DDB-C684-40BA-9F3F-F0D380C4F0DE} = {78D2FB1F-1ACE-4DAE-A3D1-CA4967B4B61A}
		{066FF2E3-F18C-4064-A984-83533AE05EA3} = {78D2FB1F-1ACE-4DAE-A3D1-CA4967B4B61A}
		{BB8FECCE-9E7C-487D-A101-C7AB3F11B858} = {78D2FB1F-1ACE-4DAE-A3D1-CA4967B4B61A}
		{911189E1-16C1-4E60-BD9E-4182246C4B23} = {78D2FB1F-1ACE-4DAE-A3D1-CA4967B4B61A}
		{2F923A78-2EF0-4A51-A1E3-B8BBD075384E} = {78D2FB1F-1ACE-4DAE-A3D1-CA4967B4B61A}
		{AE9DC4EA-3177-400F-A654-18BF831410C5} = {78D2FB1F-1ACE-4DAE-A3D1-CA4967B4B61A}
		{BF64320D-3A68-47BF-89D0-592F9865AD97} = {78D2FB1F-1ACE-4DAE-A3D1-CA4967B4B61A}
		{04C90E44-4EA2-4E8B-AB71-9F0AF3039E57} = {78D2FB1F-1ACE-4DAE-A3D1-CA4967B4B61A}
	EndGlobalSection
	GlobalSection(ExtensibilityGlobals) = postSolution
		SolutionGuid = {4407E0F0-BEBC-4578-8CA4-E1DA5DD0386A}
	EndGlobalSection
EndGlobal
