
Microsoft Visual Studio Solution File, Format Version 12.00
# Visual Studio Version 17
VisualStudioVersion = 17.9.34902.65
MinimumVisualStudioVersion = 10.0.40219.1
Project("{FAE04EC0-301F-11D3-BF4B-00C04F79EFBC}") = "fullRealProject", "fullRealProject.csproj", "{3641E662-B3F2-486E-8ECA-85A7C573E37B}"
EndProject
Project("{FAE04EC0-301F-11D3-BF4B-00C04F79EFBC}") = "businessLayer0", "..\myProjectForContact\businessLayer0\businessLayer0.csproj", "{5E9E56DD-6156-44F4-BEB7-AFFBC476A228}"
EndProject
Project("{FAE04EC0-301F-11D3-BF4B-00C04F79EFBC}") = "dataLayer0", "..\myProjectForContact\dataLayer0\dataLayer0.csproj", "{F2C75953-FE4C-4D7A-88B4-2D8EE3F5D855}"
EndProject
Project("{FAE04EC0-301F-11D3-BF4B-00C04F79EFBC}") = "userData", "..\userData\userData.csproj", "{A5F59DF3-0E36-4C62-8D46-F0CC11E3585C}"
EndProject
Project("{FAE04EC0-301F-11D3-BF4B-00C04F79EFBC}") = "userBusiness", "..\userBusiness\userBusiness.csproj", "{E873F1D9-520D-4704-93FC-1746FC9EC69A}"
EndProject
Project("{FAE04EC0-301F-11D3-BF4B-00C04F79EFBC}") = "dataBase", "..\dataBase\dataBase.csproj", "{3295606A-E228-4CAD-A61F-522E690729C8}"
EndProject
Project("{FAE04EC0-301F-11D3-BF4B-00C04F79EFBC}") = "manageApplicationTypesData", "..\manageApplicationTypesData\manageApplicationTypesData.csproj", "{D39798D6-0186-40FD-8FFB-1B3AEC13B8B1}"
EndProject
Project("{FAE04EC0-301F-11D3-BF4B-00C04F79EFBC}") = "manageApplicationTypesBusiness", "..\manageApplicationTypesBusiness\manageApplicationTypesBusiness.csproj", "{27EDBC25-3DF9-45F9-8A61-276932F18588}"
EndProject
Global
	GlobalSection(SolutionConfigurationPlatforms) = preSolution
		Debug|Any CPU = Debug|Any CPU
		Release|Any CPU = Release|Any CPU
	EndGlobalSection
	GlobalSection(ProjectConfigurationPlatforms) = postSolution
		{3641E662-B3F2-486E-8ECA-85A7C573E37B}.Debug|Any CPU.ActiveCfg = Debug|Any CPU
		{3641E662-B3F2-486E-8ECA-85A7C573E37B}.Debug|Any CPU.Build.0 = Debug|Any CPU
		{3641E662-B3F2-486E-8ECA-85A7C573E37B}.Release|Any CPU.ActiveCfg = Release|Any CPU
		{3641E662-B3F2-486E-8ECA-85A7C573E37B}.Release|Any CPU.Build.0 = Release|Any CPU
		{5E9E56DD-6156-44F4-BEB7-AFFBC476A228}.Debug|Any CPU.ActiveCfg = Debug|Any CPU
		{5E9E56DD-6156-44F4-BEB7-AFFBC476A228}.Debug|Any CPU.Build.0 = Debug|Any CPU
		{5E9E56DD-6156-44F4-BEB7-AFFBC476A228}.Release|Any CPU.ActiveCfg = Release|Any CPU
		{5E9E56DD-6156-44F4-BEB7-AFFBC476A228}.Release|Any CPU.Build.0 = Release|Any CPU
		{F2C75953-FE4C-4D7A-88B4-2D8EE3F5D855}.Debug|Any CPU.ActiveCfg = Debug|Any CPU
		{F2C75953-FE4C-4D7A-88B4-2D8EE3F5D855}.Debug|Any CPU.Build.0 = Debug|Any CPU
		{F2C75953-FE4C-4D7A-88B4-2D8EE3F5D855}.Release|Any CPU.ActiveCfg = Release|Any CPU
		{F2C75953-FE4C-4D7A-88B4-2D8EE3F5D855}.Release|Any CPU.Build.0 = Release|Any CPU
		{A5F59DF3-0E36-4C62-8D46-F0CC11E3585C}.Debug|Any CPU.ActiveCfg = Debug|Any CPU
		{A5F59DF3-0E36-4C62-8D46-F0CC11E3585C}.Debug|Any CPU.Build.0 = Debug|Any CPU
		{A5F59DF3-0E36-4C62-8D46-F0CC11E3585C}.Release|Any CPU.ActiveCfg = Release|Any CPU
		{A5F59DF3-0E36-4C62-8D46-F0CC11E3585C}.Release|Any CPU.Build.0 = Release|Any CPU
		{E873F1D9-520D-4704-93FC-1746FC9EC69A}.Debug|Any CPU.ActiveCfg = Debug|Any CPU
		{E873F1D9-520D-4704-93FC-1746FC9EC69A}.Debug|Any CPU.Build.0 = Debug|Any CPU
		{E873F1D9-520D-4704-93FC-1746FC9EC69A}.Release|Any CPU.ActiveCfg = Release|Any CPU
		{E873F1D9-520D-4704-93FC-1746FC9EC69A}.Release|Any CPU.Build.0 = Release|Any CPU
		{3295606A-E228-4CAD-A61F-522E690729C8}.Debug|Any CPU.ActiveCfg = Debug|Any CPU
		{3295606A-E228-4CAD-A61F-522E690729C8}.Debug|Any CPU.Build.0 = Debug|Any CPU
		{3295606A-E228-4CAD-A61F-522E690729C8}.Release|Any CPU.ActiveCfg = Release|Any CPU
		{3295606A-E228-4CAD-A61F-522E690729C8}.Release|Any CPU.Build.0 = Release|Any CPU
		{D39798D6-0186-40FD-8FFB-1B3AEC13B8B1}.Debug|Any CPU.ActiveCfg = Debug|Any CPU
		{D39798D6-0186-40FD-8FFB-1B3AEC13B8B1}.Debug|Any CPU.Build.0 = Debug|Any CPU
		{D39798D6-0186-40FD-8FFB-1B3AEC13B8B1}.Release|Any CPU.ActiveCfg = Release|Any CPU
		{D39798D6-0186-40FD-8FFB-1B3AEC13B8B1}.Release|Any CPU.Build.0 = Release|Any CPU
		{27EDBC25-3DF9-45F9-8A61-276932F18588}.Debug|Any CPU.ActiveCfg = Debug|Any CPU
		{27EDBC25-3DF9-45F9-8A61-276932F18588}.Debug|Any CPU.Build.0 = Debug|Any CPU
		{27EDBC25-3DF9-45F9-8A61-276932F18588}.Release|Any CPU.ActiveCfg = Release|Any CPU
		{27EDBC25-3DF9-45F9-8A61-276932F18588}.Release|Any CPU.Build.0 = Release|Any CPU
	EndGlobalSection
	GlobalSection(SolutionProperties) = preSolution
		HideSolutionNode = FALSE
	EndGlobalSection
	GlobalSection(ExtensibilityGlobals) = postSolution
		SolutionGuid = {4407E0F0-BEBC-4578-8CA4-E1DA5DD0386A}
	EndGlobalSection
EndGlobal
