
Microsoft Visual Studio Solution File, Format Version 12.00
# Visual Studio Version 17
VisualStudioVersion = 17.9.34902.65
MinimumVisualStudioVersion = 10.0.40219.1
Project("{FAE04EC0-301F-11D3-BF4B-00C04F79EFBC}") = "fullRealProject", "fullRealProject.csproj", "{3641E662-B3F2-486E-8ECA-85A7C573E37B}"
EndProject
Global
	GlobalSection(SolutionConfigurationPlatforms) = preSolution
		Debug|Any CPU = Debug|Any CPU
		Release|Any CPU = Release|Any CPU
	EndGlobalSection
	GlobalSection(ProjectConfigurationPlatforms) = postSolution
		{3641E662-B3F2-486E-8ECA-85A7C573E37B}.Debug|Any CPU.ActiveCfg = Debug|Any CPU
		{3641E662-B3F2-486E-8ECA-85A7C573E37B}.Debug|Any CPU.Build.0 = Debug|Any CPU
		{3641E662-B3F2-486E-8ECA-85A7C573E37B}.Release|Any CPU.ActiveCfg = Release|Any CPU
		{3641E662-B3F2-486E-8ECA-85A7C573E37B}.Release|Any CPU.Build.0 = Release|Any CPU
	EndGlobalSection
	GlobalSection(SolutionProperties) = preSolution
		HideSolutionNode = FALSE
	EndGlobalSection
	GlobalSection(ExtensibilityGlobals) = postSolution
		SolutionGuid = {4407E0F0-BEBC-4578-8CA4-E1DA5DD0386A}
	EndGlobalSection
EndGlobal
